// !$*UTF8*$!
{
	archiveVersion = 1;
	classes = {
	};
	objectVersion = 46;
	objects = {

/* Begin PBXBuildFile section */
		48DB77C9BBBB94144272B72D /* Pods_CognitoSyncExample.framework in Frameworks */ = {isa = PBXBuildFile; fileRef = 2080FEF6C0EF78A9B2CEA41C /* Pods_CognitoSyncExample.framework */; };
		6249692E1E3CDDFF00C628D9 /* AppDelegate.swift in Sources */ = {isa = PBXBuildFile; fileRef = 6249692D1E3CDDFF00C628D9 /* AppDelegate.swift */; };
		624969301E3CDDFF00C628D9 /* ViewController.swift in Sources */ = {isa = PBXBuildFile; fileRef = 6249692F1E3CDDFF00C628D9 /* ViewController.swift */; };
		624969331E3CDDFF00C628D9 /* Main.storyboard in Resources */ = {isa = PBXBuildFile; fileRef = 624969311E3CDDFF00C628D9 /* Main.storyboard */; };
		624969351E3CDDFF00C628D9 /* Assets.xcassets in Resources */ = {isa = PBXBuildFile; fileRef = 624969341E3CDDFF00C628D9 /* Assets.xcassets */; };
		624969381E3CDDFF00C628D9 /* LaunchScreen.storyboard in Resources */ = {isa = PBXBuildFile; fileRef = 624969361E3CDDFF00C628D9 /* LaunchScreen.storyboard */; };
/* End PBXBuildFile section */

/* Begin PBXFileReference section */
		187603ADE7E5F3E6513549AA /* Pods-CognitoSyncExample.release.xcconfig */ = {isa = PBXFileReference; includeInIndex = 1; lastKnownFileType = text.xcconfig; name = "Pods-CognitoSyncExample.release.xcconfig"; path = "Pods/Target Support Files/Pods-CognitoSyncExample/Pods-CognitoSyncExample.release.xcconfig"; sourceTree = "<group>"; };
		2080FEF6C0EF78A9B2CEA41C /* Pods_CognitoSyncExample.framework */ = {isa = PBXFileReference; explicitFileType = wrapper.framework; includeInIndex = 0; path = Pods_CognitoSyncExample.framework; sourceTree = BUILT_PRODUCTS_DIR; };
		6249692A1E3CDDFF00C628D9 /* CognitoSyncExample.app */ = {isa = PBXFileReference; explicitFileType = wrapper.application; includeInIndex = 0; path = CognitoSyncExample.app; sourceTree = BUILT_PRODUCTS_DIR; };
		6249692D1E3CDDFF00C628D9 /* AppDelegate.swift */ = {isa = PBXFileReference; lastKnownFileType = sourcecode.swift; path = AppDelegate.swift; sourceTree = "<group>"; };
		6249692F1E3CDDFF00C628D9 /* ViewController.swift */ = {isa = PBXFileReference; lastKnownFileType = sourcecode.swift; path = ViewController.swift; sourceTree = "<group>"; };
		624969321E3CDDFF00C628D9 /* Base */ = {isa = PBXFileReference; lastKnownFileType = file.storyboard; name = Base; path = Base.lproj/Main.storyboard; sourceTree = "<group>"; };
		624969341E3CDDFF00C628D9 /* Assets.xcassets */ = {isa = PBXFileReference; lastKnownFileType = folder.assetcatalog; path = Assets.xcassets; sourceTree = "<group>"; };
		624969371E3CDDFF00C628D9 /* Base */ = {isa = PBXFileReference; lastKnownFileType = file.storyboard; name = Base; path = Base.lproj/LaunchScreen.storyboard; sourceTree = "<group>"; };
		624969391E3CDDFF00C628D9 /* Info.plist */ = {isa = PBXFileReference; lastKnownFileType = text.plist.xml; path = Info.plist; sourceTree = "<group>"; };
		62AE8F141E3DA377003F6989 /* Bridging-Header.h */ = {isa = PBXFileReference; fileEncoding = 4; lastKnownFileType = sourcecode.c.h; path = "Bridging-Header.h"; sourceTree = "<group>"; };
		7E01711AD9C8EF27B4E2F4A3 /* Pods-CognitoSyncExample.debug.xcconfig */ = {isa = PBXFileReference; includeInIndex = 1; lastKnownFileType = text.xcconfig; name = "Pods-CognitoSyncExample.debug.xcconfig"; path = "Pods/Target Support Files/Pods-CognitoSyncExample/Pods-CognitoSyncExample.debug.xcconfig"; sourceTree = "<group>"; };
/* End PBXFileReference section */

/* Begin PBXFrameworksBuildPhase section */
		624969271E3CDDFF00C628D9 /* Frameworks */ = {
			isa = PBXFrameworksBuildPhase;
			buildActionMask = 2147483647;
			files = (
				48DB77C9BBBB94144272B72D /* Pods_CognitoSyncExample.framework in Frameworks */,
			);
			runOnlyForDeploymentPostprocessing = 0;
		};
/* End PBXFrameworksBuildPhase section */

/* Begin PBXGroup section */
		624969211E3CDDFF00C628D9 = {
			isa = PBXGroup;
			children = (
				62AE8F141E3DA377003F6989 /* Bridging-Header.h */,
				6249692C1E3CDDFF00C628D9 /* CognitoSyncExample */,
				6249692B1E3CDDFF00C628D9 /* Products */,
				9875664E300D9BF87C903065 /* Pods */,
				E34C1FE30032D8A8980E5897 /* Frameworks */,
			);
			sourceTree = "<group>";
		};
		6249692B1E3CDDFF00C628D9 /* Products */ = {
			isa = PBXGroup;
			children = (
				6249692A1E3CDDFF00C628D9 /* CognitoSyncExample.app */,
			);
			name = Products;
			sourceTree = "<group>";
		};
		6249692C1E3CDDFF00C628D9 /* CognitoSyncExample */ = {
			isa = PBXGroup;
			children = (
				6249692D1E3CDDFF00C628D9 /* AppDelegate.swift */,
				6249692F1E3CDDFF00C628D9 /* ViewController.swift */,
				624969311E3CDDFF00C628D9 /* Main.storyboard */,
				624969341E3CDDFF00C628D9 /* Assets.xcassets */,
				624969361E3CDDFF00C628D9 /* LaunchScreen.storyboard */,
				624969391E3CDDFF00C628D9 /* Info.plist */,
			);
			path = CognitoSyncExample;
			sourceTree = "<group>";
		};
		9875664E300D9BF87C903065 /* Pods */ = {
			isa = PBXGroup;
			children = (
				7E01711AD9C8EF27B4E2F4A3 /* Pods-CognitoSyncExample.debug.xcconfig */,
				187603ADE7E5F3E6513549AA /* Pods-CognitoSyncExample.release.xcconfig */,
			);
			name = Pods;
			sourceTree = "<group>";
		};
		E34C1FE30032D8A8980E5897 /* Frameworks */ = {
			isa = PBXGroup;
			children = (
				2080FEF6C0EF78A9B2CEA41C /* Pods_CognitoSyncExample.framework */,
			);
			name = Frameworks;
			sourceTree = "<group>";
		};
/* End PBXGroup section */

/* Begin PBXNativeTarget section */
		624969291E3CDDFF00C628D9 /* CognitoSyncExample */ = {
			isa = PBXNativeTarget;
			buildConfigurationList = 6249693C1E3CDDFF00C628D9 /* Build configuration list for PBXNativeTarget "CognitoSyncExample" */;
			buildPhases = (
				C5F46C09C34D77D28ECB4211 /* [CP] Check Pods Manifest.lock */,
				624969261E3CDDFF00C628D9 /* Sources */,
				624969271E3CDDFF00C628D9 /* Frameworks */,
				624969281E3CDDFF00C628D9 /* Resources */,
				9831A30F3E8760F5999B59B5 /* [CP] Embed Pods Frameworks */,
				57C2E10CAC96CB4A14ADF7A5 /* [CP] Copy Pods Resources */,
			);
			buildRules = (
			);
			dependencies = (
			);
			name = CognitoSyncExample;
			productName = CognitoSyncExample;
			productReference = 6249692A1E3CDDFF00C628D9 /* CognitoSyncExample.app */;
			productType = "com.apple.product-type.application";
		};
/* End PBXNativeTarget section */

/* Begin PBXProject section */
		624969221E3CDDFF00C628D9 /* Project object */ = {
			isa = PBXProject;
			attributes = {
				LastSwiftUpdateCheck = 0820;
				LastUpgradeCheck = 0820;
				ORGANIZATIONNAME = redish.inc;
				TargetAttributes = {
					624969291E3CDDFF00C628D9 = {
						CreatedOnToolsVersion = 8.2.1;
						ProvisioningStyle = Automatic;
					};
				};
			};
			buildConfigurationList = 624969251E3CDDFF00C628D9 /* Build configuration list for PBXProject "CognitoSyncExample" */;
			compatibilityVersion = "Xcode 3.2";
			developmentRegion = English;
			hasScannedForEncodings = 0;
			knownRegions = (
				en,
				Base,
			);
			mainGroup = 624969211E3CDDFF00C628D9;
			productRefGroup = 6249692B1E3CDDFF00C628D9 /* Products */;
			projectDirPath = "";
			projectRoot = "";
			targets = (
				624969291E3CDDFF00C628D9 /* CognitoSyncExample */,
			);
		};
/* End PBXProject section */

/* Begin PBXResourcesBuildPhase section */
		624969281E3CDDFF00C628D9 /* Resources */ = {
			isa = PBXResourcesBuildPhase;
			buildActionMask = 2147483647;
			files = (
				624969381E3CDDFF00C628D9 /* LaunchScreen.storyboard in Resources */,
				624969351E3CDDFF00C628D9 /* Assets.xcassets in Resources */,
				624969331E3CDDFF00C628D9 /* Main.storyboard in Resources */,
			);
			runOnlyForDeploymentPostprocessing = 0;
		};
/* End PBXResourcesBuildPhase section */

/* Begin PBXShellScriptBuildPhase section */
		57C2E10CAC96CB4A14ADF7A5 /* [CP] Copy Pods Resources */ = {
			isa = PBXShellScriptBuildPhase;
			buildActionMask = 2147483647;
			files = (
			);
			inputPaths = (
			);
			name = "[CP] Copy Pods Resources";
			outputPaths = (
			);
			runOnlyForDeploymentPostprocessing = 0;
			shellPath = /bin/sh;
			shellScript = "\"${SRCROOT}/Pods/Target Support Files/Pods-CognitoSyncExample/Pods-CognitoSyncExample-resources.sh\"\n";
			showEnvVarsInLog = 0;
		};
		9831A30F3E8760F5999B59B5 /* [CP] Embed Pods Frameworks */ = {
			isa = PBXShellScriptBuildPhase;
			buildActionMask = 2147483647;
			files = (
			);
			inputPaths = (
			);
			name = "[CP] Embed Pods Frameworks";
			outputPaths = (
			);
			runOnlyForDeploymentPostprocessing = 0;
			shellPath = /bin/sh;
			shellScript = "\"${SRCROOT}/Pods/Target Support Files/Pods-CognitoSyncExample/Pods-CognitoSyncExample-frameworks.sh\"\n";
			showEnvVarsInLog = 0;
		};
		C5F46C09C34D77D28ECB4211 /* [CP] Check Pods Manifest.lock */ = {
			isa = PBXShellScriptBuildPhase;
			buildActionMask = 2147483647;
			files = (
			);
			inputPaths = (
			);
			name = "[CP] Check Pods Manifest.lock";
			outputPaths = (
			);
			runOnlyForDeploymentPostprocessing = 0;
			shellPath = /bin/sh;
			shellScript = "diff \"${PODS_ROOT}/../Podfile.lock\" \"${PODS_ROOT}/Manifest.lock\" > /dev/null\nif [ $? != 0 ] ; then\n    # print error to STDERR\n    echo \"error: The sandbox is not in sync with the Podfile.lock. Run 'pod install' or update your CocoaPods installation.\" >&2\n    exit 1\nfi\n";
			showEnvVarsInLog = 0;
		};
/* End PBXShellScriptBuildPhase section */

/* Begin PBXSourcesBuildPhase section */
		624969261E3CDDFF00C628D9 /* Sources */ = {
			isa = PBXSourcesBuildPhase;
			buildActionMask = 2147483647;
			files = (
				624969301E3CDDFF00C628D9 /* ViewController.swift in Sources */,
				6249692E1E3CDDFF00C628D9 /* AppDelegate.swift in Sources */,
			);
			runOnlyForDeploymentPostprocessing = 0;
		};
/* End PBXSourcesBuildPhase section */

/* Begin PBXVariantGroup section */
		624969311E3CDDFF00C628D9 /* Main.storyboard */ = {
			isa = PBXVariantGroup;
			children = (
				624969321E3CDDFF00C628D9 /* Base */,
			);
			name = Main.storyboard;
			sourceTree = "<group>";
		};
		624969361E3CDDFF00C628D9 /* LaunchScreen.storyboard */ = {
			isa = PBXVariantGroup;
			children = (
				624969371E3CDDFF00C628D9 /* Base */,
			);
			name = LaunchScreen.storyboard;
			sourceTree = "<group>";
		};
/* End PBXVariantGroup section */

/* Begin XCBuildConfiguration section */
		6249693A1E3CDDFF00C628D9 /* Debug */ = {
			isa = XCBuildConfiguration;
			buildSettings = {
				ALWAYS_SEARCH_USER_PATHS = NO;
				CLANG_ANALYZER_NONNULL = YES;
				CLANG_CXX_LANGUAGE_STANDARD = "gnu++0x";
				CLANG_CXX_LIBRARY = "libc++";
				CLANG_ENABLE_MODULES = YES;
				CLANG_ENABLE_OBJC_ARC = YES;
				CLANG_WARN_BOOL_CONVERSION = YES;
				CLANG_WARN_CONSTANT_CONVERSION = YES;
				CLANG_WARN_DIRECT_OBJC_ISA_USAGE = YES_ERROR;
				CLANG_WARN_DOCUMENTATION_COMMENTS = YES;
				CLANG_WARN_EMPTY_BODY = YES;
				CLANG_WARN_ENUM_CONVERSION = YES;
				CLANG_WARN_INFINITE_RECURSION = YES;
				CLANG_WARN_INT_CONVERSION = YES;
				CLANG_WARN_OBJC_ROOT_CLASS = YES_ERROR;
				CLANG_WARN_SUSPICIOUS_MOVE = YES;
				CLANG_WARN_UNREACHABLE_CODE = YES;
				CLANG_WARN__DUPLICATE_METHOD_MATCH = YES;
				"CODE_SIGN_IDENTITY[sdk=iphoneos*]" = "iPhone Developer";
				COPY_PHASE_STRIP = NO;
				DEBUG_INFORMATION_FORMAT = dwarf;
				ENABLE_STRICT_OBJC_MSGSEND = YES;
				ENABLE_TESTABILITY = YES;
				GCC_C_LANGUAGE_STANDARD = gnu99;
				GCC_DYNAMIC_NO_PIC = NO;
				GCC_NO_COMMON_BLOCKS = YES;
				GCC_OPTIMIZATION_LEVEL = 0;
				GCC_PREPROCESSOR_DEFINITIONS = (
					"DEBUG=1",
					"$(inherited)",
				);
				GCC_WARN_64_TO_32_BIT_CONVERSION = YES;
				GCC_WARN_ABOUT_RETURN_TYPE = YES_ERROR;
				GCC_WARN_UNDECLARED_SELECTOR = YES;
				GCC_WARN_UNINITIALIZED_AUTOS = YES_AGGRESSIVE;
				GCC_WARN_UNUSED_FUNCTION = YES;
				GCC_WARN_UNUSED_VARIABLE = YES;
				IPHONEOS_DEPLOYMENT_TARGET = 10.2;
				MTL_ENABLE_DEBUG_INFO = YES;
				ONLY_ACTIVE_ARCH = YES;
				SDKROOT = iphoneos;
				SWIFT_ACTIVE_COMPILATION_CONDITIONS = DEBUG;
				SWIFT_OPTIMIZATION_LEVEL = "-Onone";
			};
			name = Debug;
		};
		6249693B1E3CDDFF00C628D9 /* Release */ = {
			isa = XCBuildConfiguration;
			buildSettings = {
				ALWAYS_SEARCH_USER_PATHS = NO;
				CLANG_ANALYZER_NONNULL = YES;
				CLANG_CXX_LANGUAGE_STANDARD = "gnu++0x";
				CLANG_CXX_LIBRARY = "libc++";
				CLANG_ENABLE_MODULES = YES;
				CLANG_ENABLE_OBJC_ARC = YES;
				CLANG_WARN_BOOL_CONVERSION = YES;
				CLANG_WARN_CONSTANT_CONVERSION = YES;
				CLANG_WARN_DIRECT_OBJC_ISA_USAGE = YES_ERROR;
				CLANG_WARN_DOCUMENTATION_COMMENTS = YES;
				CLANG_WARN_EMPTY_BODY = YES;
				CLANG_WARN_ENUM_CONVERSION = YES;
				CLANG_WARN_INFINITE_RECURSION = YES;
				CLANG_WARN_INT_CONVERSION = YES;
				CLANG_WARN_OBJC_ROOT_CLASS = YES_ERROR;
				CLANG_WARN_SUSPICIOUS_MOVE = YES;
				CLANG_WARN_UNREACHABLE_CODE = YES;
				CLANG_WARN__DUPLICATE_METHOD_MATCH = YES;
				"CODE_SIGN_IDENTITY[sdk=iphoneos*]" = "iPhone Developer";
				COPY_PHASE_STRIP = NO;
				DEBUG_INFORMATION_FORMAT = "dwarf-with-dsym";
				ENABLE_NS_ASSERTIONS = NO;
				ENABLE_STRICT_OBJC_MSGSEND = YES;
				GCC_C_LANGUAGE_STANDARD = gnu99;
				GCC_NO_COMMON_BLOCKS = YES;
				GCC_WARN_64_TO_32_BIT_CONVERSION = YES;
				GCC_WARN_ABOUT_RETURN_TYPE = YES_ERROR;
				GCC_WARN_UNDECLARED_SELECTOR = YES;
				GCC_WARN_UNINITIALIZED_AUTOS = YES_AGGRESSIVE;
				GCC_WARN_UNUSED_FUNCTION = YES;
				GCC_WARN_UNUSED_VARIABLE = YES;
				IPHONEOS_DEPLOYMENT_TARGET = 10.2;
				MTL_ENABLE_DEBUG_INFO = NO;
				SDKROOT = iphoneos;
				SWIFT_OPTIMIZATION_LEVEL = "-Owholemodule";
				VALIDATE_PRODUCT = YES;
			};
			name = Release;
		};
		6249693D1E3CDDFF00C628D9 /* Debug */ = {
			isa = XCBuildConfiguration;
			baseConfigurationReference = 7E01711AD9C8EF27B4E2F4A3 /* Pods-CognitoSyncExample.debug.xcconfig */;
			buildSettings = {
				ASSETCATALOG_COMPILER_APPICON_NAME = AppIcon;
				INFOPLIST_FILE = CognitoSyncExample/Info.plist;
				LD_RUNPATH_SEARCH_PATHS = "$(inherited) @executable_path/Frameworks";
				PRODUCT_BUNDLE_IDENTIFIER = jp.redish.CognitoSyncExample;
				PRODUCT_NAME = "$(TARGET_NAME)";
				SWIFT_OBJC_BRIDGING_HEADER = "$(SRCROOT)/$(PRODUCT)/Bridging-Header.h";
				SWIFT_VERSION = 3.0;
			};
			name = Debug;
		};
		6249693E1E3CDDFF00C628D9 /* Release */ = {
			isa = XCBuildConfiguration;
			baseConfigurationReference = 187603ADE7E5F3E6513549AA /* Pods-CognitoSyncExample.release.xcconfig */;
			buildSettings = {
				ASSETCATALOG_COMPILER_APPICON_NAME = AppIcon;
				INFOPLIST_FILE = CognitoSyncExample/Info.plist;
				LD_RUNPATH_SEARCH_PATHS = "$(inherited) @executable_path/Frameworks";
				PRODUCT_BUNDLE_IDENTIFIER = jp.redish.CognitoSyncExample;
				PRODUCT_NAME = "$(TARGET_NAME)";
				SWIFT_OBJC_BRIDGING_HEADER = "$(SRCROOT)/$(PRODUCT)/Bridging-Header.h";
				SWIFT_VERSION = 3.0;
			};
			name = Release;
		};
/* End XCBuildConfiguration section */

/* Begin XCConfigurationList section */
		624969251E3CDDFF00C628D9 /* Build configuration list for PBXProject "CognitoSyncExample" */ = {
			isa = XCConfigurationList;
			buildConfigurations = (
				6249693A1E3CDDFF00C628D9 /* Debug */,
				6249693B1E3CDDFF00C628D9 /* Release */,
			);
			defaultConfigurationIsVisible = 0;
			defaultConfigurationName = Release;
		};
		6249693C1E3CDDFF00C628D9 /* Build configuration list for PBXNativeTarget "CognitoSyncExample" */ = {
			isa = XCConfigurationList;
			buildConfigurations = (
				6249693D1E3CDDFF00C628D9 /* Debug */,
				6249693E1E3CDDFF00C628D9 /* Release */,
			);
			defaultConfigurationIsVisible = 0;
			defaultConfigurationName = Release;
		};
/* End XCConfigurationList section */
	};
	rootObject = 624969221E3CDDFF00C628D9 /* Project object */;
}
