PODS:
  - AWSCognito (2.5.0):
    - AWSCore (= 2.5.0)
  - AWSCore (2.5.0)

DEPENDENCIES:
  - AWSCognito

SPEC CHECKSUMS:
  AWSCognito: 5a1af0c4b351de1ec8d523d3ed0aecce42dd630e
  AWSCore: e9839d27ceaa2db75934a9c418630ce63c23e347

PODFILE CHECKSUM: b0d0208cef44f10c5d82c02afa2bd8aa0ef6b261

COCOAPODS: 1.2.0
