PODS:
  - AWSCognito (2.4.9):
    - AWSCore (= 2.4.9)
  - AWSCore (2.4.9)

DEPENDENCIES:
  - AWSCognito

SPEC CHECKSUMS:
  AWSCognito: 4fa9fefcadae1d8425b01cbde27d564c21e3fd35
  AWSCore: 175208358b95492e0ebe0337df2ab415300bddac

PODFILE CHECKSUM: b0d0208cef44f10c5d82c02afa2bd8aa0ef6b261

COCOAPODS: 1.2.0
